// !$*UTF8*$!
{
	archiveVersion = 1;
	classes = {
	};
	objectVersion = 48;
	objects = {

/* Begin PBXBuildFile section */
		3120111E20ABEAEC005A7CB5 /* AppDelegate.m in Sources */ = {isa = PBXBuildFile; fileRef = 3120111D20ABEAEC005A7CB5 /* AppDelegate.m */; };
		3120112120ABEAEC005A7CB5 /* ViewController.m in Sources */ = {isa = PBXBuildFile; fileRef = 3120112020ABEAEC005A7CB5 /* ViewController.m */; };
		3120112420ABEAEC005A7CB5 /* Main.storyboard in Resources */ = {isa = PBXBuildFile; fileRef = 3120112220ABEAEC005A7CB5 /* Main.storyboard */; };
		3120112620ABEAEC005A7CB5 /* Assets.xcassets in Resources */ = {isa = PBXBuildFile; fileRef = 3120112520ABEAEC005A7CB5 /* Assets.xcassets */; };
		3120112920ABEAEC005A7CB5 /* LaunchScreen.storyboard in Resources */ = {isa = PBXBuildFile; fileRef = 3120112720ABEAEC005A7CB5 /* LaunchScreen.storyboard */; };
		3120112C20ABEAEC005A7CB5 /* main.m in Sources */ = {isa = PBXBuildFile; fileRef = 3120112B20ABEAEC005A7CB5 /* main.m */; };
		31BBAF6820AD7ACE00748CCE /* BannerScrollView.m in Sources */ = {isa = PBXBuildFile; fileRef = 31BBAF6720AD7ACE00748CCE /* BannerScrollView.m */; };
/* End PBXBuildFile section */

/* Begin PBXFileReference section */
		3120111920ABEAEC005A7CB5 /* GitDemo.app */ = {isa = PBXFileReference; explicitFileType = wrapper.application; includeInIndex = 0; path = GitDemo.app; sourceTree = BUILT_PRODUCTS_DIR; };
		3120111C20ABEAEC005A7CB5 /* AppDelegate.h */ = {isa = PBXFileReference; lastKnownFileType = sourcecode.c.h; path = AppDelegate.h; sourceTree = "<group>"; };
		3120111D20ABEAEC005A7CB5 /* AppDelegate.m */ = {isa = PBXFileReference; lastKnownFileType = sourcecode.c.objc; path = AppDelegate.m; sourceTree = "<group>"; };
		3120111F20ABEAEC005A7CB5 /* ViewController.h */ = {isa = PBXFileReference; lastKnownFileType = sourcecode.c.h; path = ViewController.h; sourceTree = "<group>"; };
		3120112020ABEAEC005A7CB5 /* ViewController.m */ = {isa = PBXFileReference; lastKnownFileType = sourcecode.c.objc; path = ViewController.m; sourceTree = "<group>"; };
		3120112320ABEAEC005A7CB5 /* Base */ = {isa = PBXFileReference; lastKnownFileType = file.storyboard; name = Base; path = Base.lproj/Main.storyboard; sourceTree = "<group>"; };
		3120112520ABEAEC005A7CB5 /* Assets.xcassets */ = {isa = PBXFileReference; lastKnownFileType = folder.assetcatalog; path = Assets.xcassets; sourceTree = "<group>"; };
		3120112820ABEAEC005A7CB5 /* Base */ = {isa = PBXFileReference; lastKnownFileType = file.storyboard; name = Base; path = Base.lproj/LaunchScreen.storyboard; sourceTree = "<group>"; };
		3120112A20ABEAEC005A7CB5 /* Info.plist */ = {isa = PBXFileReference; lastKnownFileType = text.plist.xml; path = Info.plist; sourceTree = "<group>"; };
		3120112B20ABEAEC005A7CB5 /* main.m */ = {isa = PBXFileReference; lastKnownFileType = sourcecode.c.objc; path = main.m; sourceTree = "<group>"; };
		31BBAF6620AD7ACE00748CCE /* BannerScrollView.h */ = {isa = PBXFileReference; lastKnownFileType = sourcecode.c.h; path = BannerScrollView.h; sourceTree = "<group>"; };
		31BBAF6720AD7ACE00748CCE /* BannerScrollView.m */ = {isa = PBXFileReference; lastKnownFileType = sourcecode.c.objc; path = BannerScrollView.m; sourceTree = "<group>"; };
/* End PBXFileReference section */

/* Begin PBXFrameworksBuildPhase section */
		3120111620ABEAEC005A7CB5 /* Frameworks */ = {
			isa = PBXFrameworksBuildPhase;
			buildActionMask = 2147483647;
			files = (
			);
			runOnlyForDeploymentPostprocessing = 0;
		};
/* End PBXFrameworksBuildPhase section */

/* Begin PBXGroup section */
		3120111020ABEAEB005A7CB5 = {
			isa = PBXGroup;
			children = (
				3120111B20ABEAEC005A7CB5 /* GitDemo */,
				3120111A20ABEAEC005A7CB5 /* Products */,
			);
			sourceTree = "<group>";
		};
		3120111A20ABEAEC005A7CB5 /* Products */ = {
			isa = PBXGroup;
			children = (
				3120111920ABEAEC005A7CB5 /* GitDemo.app */,
			);
			name = Products;
			sourceTree = "<group>";
		};
		3120111B20ABEAEC005A7CB5 /* GitDemo */ = {
			isa = PBXGroup;
			children = (
				31BBAF6520AD7AA800748CCE /* BannerScrollView */,
				3120111C20ABEAEC005A7CB5 /* AppDelegate.h */,
				3120111D20ABEAEC005A7CB5 /* AppDelegate.m */,
				3120111F20ABEAEC005A7CB5 /* ViewController.h */,
				3120112020ABEAEC005A7CB5 /* ViewController.m */,
				3120112220ABEAEC005A7CB5 /* Main.storyboard */,
				3120112520ABEAEC005A7CB5 /* Assets.xcassets */,
				3120112720ABEAEC005A7CB5 /* LaunchScreen.storyboard */,
				3120112A20ABEAEC005A7CB5 /* Info.plist */,
				3120112B20ABEAEC005A7CB5 /* main.m */,
			);
			path = GitDemo;
			sourceTree = "<group>";
		};
		31BBAF6520AD7AA800748CCE /* BannerScrollView */ = {
			isa = PBXGroup;
			children = (
				31BBAF6620AD7ACE00748CCE /* BannerScrollView.h */,
				31BBAF6720AD7ACE00748CCE /* BannerScrollView.m */,
			);
			path = BannerScrollView;
			sourceTree = "<group>";
		};
/* End PBXGroup section */

/* Begin PBXNativeTarget section */
		3120111820ABEAEC005A7CB5 /* GitDemo */ = {
			isa = PBXNativeTarget;
			buildConfigurationList = 3120112F20ABEAEC005A7CB5 /* Build configuration list for PBXNativeTarget "GitDemo" */;
			buildPhases = (
				3120111520ABEAEC005A7CB5 /* Sources */,
				3120111620ABEAEC005A7CB5 /* Frameworks */,
				3120111720ABEAEC005A7CB5 /* Resources */,
			);
			buildRules = (
			);
			dependencies = (
			);
			name = GitDemo;
			productName = GitDemo;
			productReference = 3120111920ABEAEC005A7CB5 /* GitDemo.app */;
			productType = "com.apple.product-type.application";
		};
/* End PBXNativeTarget section */

/* Begin PBXProject section */
		3120111120ABEAEB005A7CB5 /* Project object */ = {
			isa = PBXProject;
			attributes = {
				LastUpgradeCheck = 0920;
				ORGANIZATIONNAME = admin;
				TargetAttributes = {
					3120111820ABEAEC005A7CB5 = {
						CreatedOnToolsVersion = 9.2;
						ProvisioningStyle = Automatic;
					};
				};
			};
			buildConfigurationList = 3120111420ABEAEB005A7CB5 /* Build configuration list for PBXProject "GitDemo" */;
			compatibilityVersion = "Xcode 8.0";
			developmentRegion = en;
			hasScannedForEncodings = 0;
			knownRegions = (
				en,
				Base,
			);
			mainGroup = 3120111020ABEAEB005A7CB5;
			productRefGroup = 3120111A20ABEAEC005A7CB5 /* Products */;
			projectDirPath = "";
			projectRoot = "";
			targets = (
				3120111820ABEAEC005A7CB5 /* GitDemo */,
			);
		};
/* End PBXProject section */

/* Begin PBXResourcesBuildPhase section */
		3120111720ABEAEC005A7CB5 /* Resources */ = {
			isa = PBXResourcesBuildPhase;
			buildActionMask = 2147483647;
			files = (
				3120112920ABEAEC005A7CB5 /* LaunchScreen.storyboard in Resources */,
				3120112620ABEAEC005A7CB5 /* Assets.xcassets in Resources */,
				3120112420ABEAEC005A7CB5 /* Main.storyboard in Resources */,
			);
			runOnlyForDeploymentPostprocessing = 0;
		};
/* End PBXResourcesBuildPhase section */

/* Begin PBXSourcesBuildPhase section */
		3120111520ABEAEC005A7CB5 /* Sources */ = {
			isa = PBXSourcesBuildPhase;
			buildActionMask = 2147483647;
			files = (
				3120112120ABEAEC005A7CB5 /* ViewController.m in Sources */,
				31BBAF6820AD7ACE00748CCE /* BannerScrollView.m in Sources */,
				3120112C20ABEAEC005A7CB5 /* main.m in Sources */,
				3120111E20ABEAEC005A7CB5 /* AppDelegate.m in Sources */,
			);
			runOnlyForDeploymentPostprocessing = 0;
		};
/* End PBXSourcesBuildPhase section */

/* Begin PBXVariantGroup section */
		3120112220ABEAEC005A7CB5 /* Main.storyboard */ = {
			isa = PBXVariantGroup;
			children = (
				3120112320ABEAEC005A7CB5 /* Base */,
			);
			name = Main.storyboard;
			sourceTree = "<group>";
		};
		3120112720ABEAEC005A7CB5 /* LaunchScreen.storyboard */ = {
			isa = PBXVariantGroup;
			children = (
				3120112820ABEAEC005A7CB5 /* Base */,
			);
			name = LaunchScreen.storyboard;
			sourceTree = "<group>";
		};
/* End PBXVariantGroup section */

/* Begin XCBuildConfiguration section */
		3120112D20ABEAEC005A7CB5 /* Debug */ = {
			isa = XCBuildConfiguration;
			buildSettings = {
				ALWAYS_SEARCH_USER_PATHS = NO;
				CLANG_ANALYZER_NONNULL = YES;
				CLANG_ANALYZER_NUMBER_OBJECT_CONVERSION = YES_AGGRESSIVE;
				CLANG_CXX_LANGUAGE_STANDARD = "gnu++14";
				CLANG_CXX_LIBRARY = "libc++";
				CLANG_ENABLE_MODULES = YES;
				CLANG_ENABLE_OBJC_ARC = YES;
				CLANG_WARN_BLOCK_CAPTURE_AUTORELEASING = YES;
				CLANG_WARN_BOOL_CONVERSION = YES;
				CLANG_WARN_COMMA = YES;
				CLANG_WARN_CONSTANT_CONVERSION = YES;
				CLANG_WARN_DIRECT_OBJC_ISA_USAGE = YES_ERROR;
				CLANG_WARN_DOCUMENTATION_COMMENTS = YES;
				CLANG_WARN_EMPTY_BODY = YES;
				CLANG_WARN_ENUM_CONVERSION = YES;
				CLANG_WARN_INFINITE_RECURSION = YES;
				CLANG_WARN_INT_CONVERSION = YES;
				CLANG_WARN_NON_LITERAL_NULL_CONVERSION = YES;
				CLANG_WARN_OBJC_LITERAL_CONVERSION = YES;
				CLANG_WARN_OBJC_ROOT_CLASS = YES_ERROR;
				CLANG_WARN_RANGE_LOOP_ANALYSIS = YES;
				CLANG_WARN_STRICT_PROTOTYPES = YES;
				CLANG_WARN_SUSPICIOUS_MOVE = YES;
				CLANG_WARN_UNGUARDED_AVAILABILITY = YES_AGGRESSIVE;
				CLANG_WARN_UNREACHABLE_CODE = YES;
				CLANG_WARN__DUPLICATE_METHOD_MATCH = YES;
				CODE_SIGN_IDENTITY = "iPhone Developer";
				COPY_PHASE_STRIP = NO;
				DEBUG_INFORMATION_FORMAT = dwarf;
				ENABLE_STRICT_OBJC_MSGSEND = YES;
				ENABLE_TESTABILITY = YES;
				GCC_C_LANGUAGE_STANDARD = gnu11;
				GCC_DYNAMIC_NO_PIC = NO;
				GCC_NO_COMMON_BLOCKS = YES;
				GCC_OPTIMIZATION_LEVEL = 0;
				GCC_PREPROCESSOR_DEFINITIONS = (
					"DEBUG=1",
					"$(inherited)",
				);
				GCC_WARN_64_TO_32_BIT_CONVERSION = YES;
				GCC_WARN_ABOUT_RETURN_TYPE = YES_ERROR;
				GCC_WARN_UNDECLARED_SELECTOR = YES;
				GCC_WARN_UNINITIALIZED_AUTOS = YES_AGGRESSIVE;
				GCC_WARN_UNUSED_FUNCTION = YES;
				GCC_WARN_UNUSED_VARIABLE = YES;
				IPHONEOS_DEPLOYMENT_TARGET = 11.2;
				MTL_ENABLE_DEBUG_INFO = YES;
				ONLY_ACTIVE_ARCH = YES;
				SDKROOT = iphoneos;
			};
			name = Debug;
		};
		3120112E20ABEAEC005A7CB5 /* Release */ = {
			isa = XCBuildConfiguration;
			buildSettings = {
				ALWAYS_SEARCH_USER_PATHS = NO;
				CLANG_ANALYZER_NONNULL = YES;
				CLANG_ANALYZER_NUMBER_OBJECT_CONVERSION = YES_AGGRESSIVE;
				CLANG_CXX_LANGUAGE_STANDARD = "gnu++14";
				CLANG_CXX_LIBRARY = "libc++";
				CLANG_ENABLE_MODULES = YES;
				CLANG_ENABLE_OBJC_ARC = YES;
				CLANG_WARN_BLOCK_CAPTURE_AUTORELEASING = YES;
				CLANG_WARN_BOOL_CONVERSION = YES;
				CLANG_WARN_COMMA = YES;
				CLANG_WARN_CONSTANT_CONVERSION = YES;
				CLANG_WARN_DIRECT_OBJC_ISA_USAGE = YES_ERROR;
				CLANG_WARN_DOCUMENTATION_COMMENTS = YES;
				CLANG_WARN_EMPTY_BODY = YES;
				CLANG_WARN_ENUM_CONVERSION = YES;
				CLANG_WARN_INFINITE_RECURSION = YES;
				CLANG_WARN_INT_CONVERSION = YES;
				CLANG_WARN_NON_LITERAL_NULL_CONVERSION = YES;
				CLANG_WARN_OBJC_LITERAL_CONVERSION = YES;
				CLANG_WARN_OBJC_ROOT_CLASS = YES_ERROR;
				CLANG_WARN_RANGE_LOOP_ANALYSIS = YES;
				CLANG_WARN_STRICT_PROTOTYPES = YES;
				CLANG_WARN_SUSPICIOUS_MOVE = YES;
				CLANG_WARN_UNGUARDED_AVAILABILITY = YES_AGGRESSIVE;
				CLANG_WARN_UNREACHABLE_CODE = YES;
				CLANG_WARN__DUPLICATE_METHOD_MATCH = YES;
				CODE_SIGN_IDENTITY = "iPhone Developer";
				COPY_PHASE_STRIP = NO;
				DEBUG_INFORMATION_FORMAT = "dwarf-with-dsym";
				ENABLE_NS_ASSERTIONS = NO;
				ENABLE_STRICT_OBJC_MSGSEND = YES;
				GCC_C_LANGUAGE_STANDARD = gnu11;
				GCC_NO_COMMON_BLOCKS = YES;
				GCC_WARN_64_TO_32_BIT_CONVERSION = YES;
				GCC_WARN_ABOUT_RETURN_TYPE = YES_ERROR;
				GCC_WARN_UNDECLARED_SELECTOR = YES;
				GCC_WARN_UNINITIALIZED_AUTOS = YES_AGGRESSIVE;
				GCC_WARN_UNUSED_FUNCTION = YES;
				GCC_WARN_UNUSED_VARIABLE = YES;
				IPHONEOS_DEPLOYMENT_TARGET = 11.2;
				MTL_ENABLE_DEBUG_INFO = NO;
				SDKROOT = iphoneos;
				VALIDATE_PRODUCT = YES;
			};
			name = Release;
		};
		3120113020ABEAEC005A7CB5 /* Debug */ = {
			isa = XCBuildConfiguration;
			buildSettings = {
				ASSETCATALOG_COMPILER_APPICON_NAME = AppIcon;
				CODE_SIGN_STYLE = Automatic;
				DEVELOPMENT_TEAM = 35QEALPM97;
				INFOPLIST_FILE = GitDemo/Info.plist;
				LD_RUNPATH_SEARCH_PATHS = "$(inherited) @executable_path/Frameworks";
				PRODUCT_BUNDLE_IDENTIFIER = com.zyj.GitDemo;
				PRODUCT_NAME = "$(TARGET_NAME)";
				TARGETED_DEVICE_FAMILY = "1,2";
			};
			name = Debug;
		};
		3120113120ABEAEC005A7CB5 /* Release */ = {
			isa = XCBuildConfiguration;
			buildSettings = {
				ASSETCATALOG_COMPILER_APPICON_NAME = AppIcon;
				CODE_SIGN_STYLE = Automatic;
				DEVELOPMENT_TEAM = 35QEALPM97;
				INFOPLIST_FILE = GitDemo/Info.plist;
				LD_RUNPATH_SEARCH_PATHS = "$(inherited) @executable_path/Frameworks";
				PRODUCT_BUNDLE_IDENTIFIER = com.zyj.GitDemo;
				PRODUCT_NAME = "$(TARGET_NAME)";
				TARGETED_DEVICE_FAMILY = "1,2";
			};
			name = Release;
		};
/* End XCBuildConfiguration section */

/* Begin XCConfigurationList section */
		3120111420ABEAEB005A7CB5 /* Build configuration list for PBXProject "GitDemo" */ = {
			isa = XCConfigurationList;
			buildConfigurations = (
				3120112D20ABEAEC005A7CB5 /* Debug */,
				3120112E20ABEAEC005A7CB5 /* Release */,
			);
			defaultConfigurationIsVisible = 0;
			defaultConfigurationName = Release;
		};
		3120112F20ABEAEC005A7CB5 /* Build configuration list for PBXNativeTarget "GitDemo" */ = {
			isa = XCConfigurationList;
			buildConfigurations = (
				3120113020ABEAEC005A7CB5 /* Debug */,
				3120113120ABEAEC005A7CB5 /* Release */,
			);
			defaultConfigurationIsVisible = 0;
			defaultConfigurationName = Release;
		};
/* End XCConfigurationList section */
	};
	rootObject = 3120111120ABEAEB005A7CB5 /* Project object */;
}
